# THIS IS AN AUTOGENERATED FILE. DO NOT EDIT THIS FILE DIRECTLY.
# yarn lockfile v1


moment@^2.11.1, moment@^2.22.2:
  version "2.22.2"
  resolved "https://registry.yarnpkg.com/moment/-/moment-2.22.2.tgz#3c257f9839fc0e93ff53149632239eb90783ff66"

vue-moment@^4.0.0:
  version "4.0.0"
  resolved "https://registry.yarnpkg.com/vue-moment/-/vue-moment-4.0.0.tgz#20809d1e7d7fca63d556fb8d008b95993d32f5ea"
  dependencies:
    moment "^2.11.1"

vue@^2.5.16:
  version "2.5.16"
  resolved "https://registry.yarnpkg.com/vue/-/vue-2.5.16.tgz#07edb75e8412aaeed871ebafa99f4672584a0085"
